// !$*UTF8*$!
{
	archiveVersion = 1;
	classes = {
	};
	objectVersion = 48;
	objects = {

/* Begin PBXBuildFile section */
		5A30775120841C620011C27B /* AppDelegate.swift in Sources */ = {isa = PBXBuildFile; fileRef = 5A30775020841C620011C27B /* AppDelegate.swift */; };
		5A30775320841C620011C27B /* ViewController.swift in Sources */ = {isa = PBXBuildFile; fileRef = 5A30775220841C620011C27B /* ViewController.swift */; };
		5A30775620841C620011C27B /* Main.storyboard in Resources */ = {isa = PBXBuildFile; fileRef = 5A30775420841C620011C27B /* Main.storyboard */; };
		5A30775820841C620011C27B /* Assets.xcassets in Resources */ = {isa = PBXBuildFile; fileRef = 5A30775720841C620011C27B /* Assets.xcassets */; };
		5A30775B20841C620011C27B /* LaunchScreen.storyboard in Resources */ = {isa = PBXBuildFile; fileRef = 5A30775920841C620011C27B /* LaunchScreen.storyboard */; };
		5A3077642084405E0011C27B /* PictureMatch.swift in Sources */ = {isa = PBXBuildFile; fileRef = 5A3077632084405E0011C27B /* PictureMatch.swift */; };
		5A3077662084411F0011C27B /* Card.swift in Sources */ = {isa = PBXBuildFile; fileRef = 5A3077652084411F0011C27B /* Card.swift */; };
/* End PBXBuildFile section */

/* Begin PBXFileReference section */
		5A30774D20841C620011C27B /* PictureMatch.app */ = {isa = PBXFileReference; explicitFileType = wrapper.application; includeInIndex = 0; path = PictureMatch.app; sourceTree = BUILT_PRODUCTS_DIR; };
		5A30775020841C620011C27B /* AppDelegate.swift */ = {isa = PBXFileReference; lastKnownFileType = sourcecode.swift; path = AppDelegate.swift; sourceTree = "<group>"; };
		5A30775220841C620011C27B /* ViewController.swift */ = {isa = PBXFileReference; lastKnownFileType = sourcecode.swift; path = ViewController.swift; sourceTree = "<group>"; };
		5A30775520841C620011C27B /* Base */ = {isa = PBXFileReference; lastKnownFileType = file.storyboard; name = Base; path = Base.lproj/Main.storyboard; sourceTree = "<group>"; };
		5A30775720841C620011C27B /* Assets.xcassets */ = {isa = PBXFileReference; lastKnownFileType = folder.assetcatalog; path = Assets.xcassets; sourceTree = "<group>"; };
		5A30775A20841C620011C27B /* Base */ = {isa = PBXFileReference; lastKnownFileType = file.storyboard; name = Base; path = Base.lproj/LaunchScreen.storyboard; sourceTree = "<group>"; };
		5A30775C20841C620011C27B /* Info.plist */ = {isa = PBXFileReference; lastKnownFileType = text.plist.xml; path = Info.plist; sourceTree = "<group>"; };
		5A3077632084405E0011C27B /* PictureMatch.swift */ = {isa = PBXFileReference; lastKnownFileType = sourcecode.swift; path = PictureMatch.swift; sourceTree = "<group>"; };
		5A3077652084411F0011C27B /* Card.swift */ = {isa = PBXFileReference; lastKnownFileType = sourcecode.swift; path = Card.swift; sourceTree = "<group>"; };
/* End PBXFileReference section */

/* Begin PBXFrameworksBuildPhase section */
		5A30774A20841C620011C27B /* Frameworks */ = {
			isa = PBXFrameworksBuildPhase;
			buildActionMask = 2147483647;
			files = (
			);
			runOnlyForDeploymentPostprocessing = 0;
		};
/* End PBXFrameworksBuildPhase section */

/* Begin PBXGroup section */
		5A30774420841C620011C27B = {
			isa = PBXGroup;
			children = (
				5A30774F20841C620011C27B /* PictureMatch */,
				5A30774E20841C620011C27B /* Products */,
			);
			sourceTree = "<group>";
		};
		5A30774E20841C620011C27B /* Products */ = {
			isa = PBXGroup;
			children = (
				5A30774D20841C620011C27B /* PictureMatch.app */,
			);
			name = Products;
			sourceTree = "<group>";
		};
		5A30774F20841C620011C27B /* PictureMatch */ = {
			isa = PBXGroup;
			children = (
				5A30776220841D8A0011C27B /* Support Files */,
				5A30775220841C620011C27B /* ViewController.swift */,
				5A30775420841C620011C27B /* Main.storyboard */,
				5A3077632084405E0011C27B /* PictureMatch.swift */,
				5A3077652084411F0011C27B /* Card.swift */,
				5A30775C20841C620011C27B /* Info.plist */,
			);
			path = PictureMatch;
			sourceTree = "<group>";
		};
		5A30776220841D8A0011C27B /* Support Files */ = {
			isa = PBXGroup;
			children = (
				5A30775020841C620011C27B /* AppDelegate.swift */,
				5A30775720841C620011C27B /* Assets.xcassets */,
				5A30775920841C620011C27B /* LaunchScreen.storyboard */,
			);
			path = "Support Files";
			sourceTree = "<group>";
		};
/* End PBXGroup section */

/* Begin PBXNativeTarget section */
		5A30774C20841C620011C27B /* PictureMatch */ = {
			isa = PBXNativeTarget;
			buildConfigurationList = 5A30775F20841C620011C27B /* Build configuration list for PBXNativeTarget "PictureMatch" */;
			buildPhases = (
				5A30774920841C620011C27B /* Sources */,
				5A30774A20841C620011C27B /* Frameworks */,
				5A30774B20841C620011C27B /* Resources */,
			);
			buildRules = (
			);
			dependencies = (
			);
			name = PictureMatch;
			productName = PictureMatch;
			productReference = 5A30774D20841C620011C27B /* PictureMatch.app */;
			productType = "com.apple.product-type.application";
		};
/* End PBXNativeTarget section */

/* Begin PBXProject section */
		5A30774520841C620011C27B /* Project object */ = {
			isa = PBXProject;
			attributes = {
				LastSwiftUpdateCheck = 0920;
				LastUpgradeCheck = 0920;
				ORGANIZATIONNAME = "Tareq Malkosh";
				TargetAttributes = {
					5A30774C20841C620011C27B = {
						CreatedOnToolsVersion = 9.2;
						ProvisioningStyle = Automatic;
					};
				};
			};
			buildConfigurationList = 5A30774820841C620011C27B /* Build configuration list for PBXProject "PictureMatch" */;
			compatibilityVersion = "Xcode 8.0";
			developmentRegion = en;
			hasScannedForEncodings = 0;
			knownRegions = (
				en,
				Base,
			);
			mainGroup = 5A30774420841C620011C27B;
			productRefGroup = 5A30774E20841C620011C27B /* Products */;
			projectDirPath = "";
			projectRoot = "";
			targets = (
				5A30774C20841C620011C27B /* PictureMatch */,
			);
		};
/* End PBXProject section */

/* Begin PBXResourcesBuildPhase section */
		5A30774B20841C620011C27B /* Resources */ = {
			isa = PBXResourcesBuildPhase;
			buildActionMask = 2147483647;
			files = (
				5A30775B20841C620011C27B /* LaunchScreen.storyboard in Resources */,
				5A30775820841C620011C27B /* Assets.xcassets in Resources */,
				5A30775620841C620011C27B /* Main.storyboard in Resources */,
			);
			runOnlyForDeploymentPostprocessing = 0;
		};
/* End PBXResourcesBuildPhase section */

/* Begin PBXSourcesBuildPhase section */
		5A30774920841C620011C27B /* Sources */ = {
			isa = PBXSourcesBuildPhase;
			buildActionMask = 2147483647;
			files = (
				5A30775320841C620011C27B /* ViewController.swift in Sources */,
				5A3077642084405E0011C27B /* PictureMatch.swift in Sources */,
				5A30775120841C620011C27B /* AppDelegate.swift in Sources */,
				5A3077662084411F0011C27B /* Card.swift in Sources */,
			);
			runOnlyForDeploymentPostprocessing = 0;
		};
/* End PBXSourcesBuildPhase section */

/* Begin PBXVariantGroup section */
		5A30775420841C620011C27B /* Main.storyboard */ = {
			isa = PBXVariantGroup;
			children = (
				5A30775520841C620011C27B /* Base */,
			);
			name = Main.storyboard;
			sourceTree = "<group>";
		};
		5A30775920841C620011C27B /* LaunchScreen.storyboard */ = {
			isa = PBXVariantGroup;
			children = (
				5A30775A20841C620011C27B /* Base */,
			);
			name = LaunchScreen.storyboard;
			sourceTree = "<group>";
		};
/* End PBXVariantGroup section */

/* Begin XCBuildConfiguration section */
		5A30775D20841C620011C27B /* Debug */ = {
			isa = XCBuildConfiguration;
			buildSettings = {
				ALWAYS_SEARCH_USER_PATHS = NO;
				CLANG_ANALYZER_NONNULL = YES;
				CLANG_ANALYZER_NUMBER_OBJECT_CONVERSION = YES_AGGRESSIVE;
				CLANG_CXX_LANGUAGE_STANDARD = "gnu++14";
				CLANG_CXX_LIBRARY = "libc++";
				CLANG_ENABLE_MODULES = YES;
				CLANG_ENABLE_OBJC_ARC = YES;
				CLANG_WARN_BLOCK_CAPTURE_AUTORELEASING = YES;
				CLANG_WARN_BOOL_CONVERSION = YES;
				CLANG_WARN_COMMA = YES;
				CLANG_WARN_CONSTANT_CONVERSION = YES;
				CLANG_WARN_DIRECT_OBJC_ISA_USAGE = YES_ERROR;
				CLANG_WARN_DOCUMENTATION_COMMENTS = YES;
				CLANG_WARN_EMPTY_BODY = YES;
				CLANG_WARN_ENUM_CONVERSION = YES;
				CLANG_WARN_INFINITE_RECURSION = YES;
				CLANG_WARN_INT_CONVERSION = YES;
				CLANG_WARN_NON_LITERAL_NULL_CONVERSION = YES;
				CLANG_WARN_OBJC_LITERAL_CONVERSION = YES;
				CLANG_WARN_OBJC_ROOT_CLASS = YES_ERROR;
				CLANG_WARN_RANGE_LOOP_ANALYSIS = YES;
				CLANG_WARN_STRICT_PROTOTYPES = YES;
				CLANG_WARN_SUSPICIOUS_MOVE = YES;
				CLANG_WARN_UNGUARDED_AVAILABILITY = YES_AGGRESSIVE;
				CLANG_WARN_UNREACHABLE_CODE = YES;
				CLANG_WARN__DUPLICATE_METHOD_MATCH = YES;
				CODE_SIGN_IDENTITY = "iPhone Developer";
				COPY_PHASE_STRIP = NO;
				DEBUG_INFORMATION_FORMAT = dwarf;
				ENABLE_STRICT_OBJC_MSGSEND = YES;
				ENABLE_TESTABILITY = YES;
				GCC_C_LANGUAGE_STANDARD = gnu11;
				GCC_DYNAMIC_NO_PIC = NO;
				GCC_NO_COMMON_BLOCKS = YES;
				GCC_OPTIMIZATION_LEVEL = 0;
				GCC_PREPROCESSOR_DEFINITIONS = (
					"DEBUG=1",
					"$(inherited)",
				);
				GCC_WARN_64_TO_32_BIT_CONVERSION = YES;
				GCC_WARN_ABOUT_RETURN_TYPE = YES_ERROR;
				GCC_WARN_UNDECLARED_SELECTOR = YES;
				GCC_WARN_UNINITIALIZED_AUTOS = YES_AGGRESSIVE;
				GCC_WARN_UNUSED_FUNCTION = YES;
				GCC_WARN_UNUSED_VARIABLE = YES;
				IPHONEOS_DEPLOYMENT_TARGET = 11.2;
				MTL_ENABLE_DEBUG_INFO = YES;
				ONLY_ACTIVE_ARCH = YES;
				SDKROOT = iphoneos;
				SWIFT_ACTIVE_COMPILATION_CONDITIONS = DEBUG;
				SWIFT_OPTIMIZATION_LEVEL = "-Onone";
			};
			name = Debug;
		};
		5A30775E20841C620011C27B /* Release */ = {
			isa = XCBuildConfiguration;
			buildSettings = {
				ALWAYS_SEARCH_USER_PATHS = NO;
				CLANG_ANALYZER_NONNULL = YES;
				CLANG_ANALYZER_NUMBER_OBJECT_CONVERSION = YES_AGGRESSIVE;
				CLANG_CXX_LANGUAGE_STANDARD = "gnu++14";
				CLANG_CXX_LIBRARY = "libc++";
				CLANG_ENABLE_MODULES = YES;
				CLANG_ENABLE_OBJC_ARC = YES;
				CLANG_WARN_BLOCK_CAPTURE_AUTORELEASING = YES;
				CLANG_WARN_BOOL_CONVERSION = YES;
				CLANG_WARN_COMMA = YES;
				CLANG_WARN_CONSTANT_CONVERSION = YES;
				CLANG_WARN_DIRECT_OBJC_ISA_USAGE = YES_ERROR;
				CLANG_WARN_DOCUMENTATION_COMMENTS = YES;
				CLANG_WARN_EMPTY_BODY = YES;
				CLANG_WARN_ENUM_CONVERSION = YES;
				CLANG_WARN_INFINITE_RECURSION = YES;
				CLANG_WARN_INT_CONVERSION = YES;
				CLANG_WARN_NON_LITERAL_NULL_CONVERSION = YES;
				CLANG_WARN_OBJC_LITERAL_CONVERSION = YES;
				CLANG_WARN_OBJC_ROOT_CLASS = YES_ERROR;
				CLANG_WARN_RANGE_LOOP_ANALYSIS = YES;
				CLANG_WARN_STRICT_PROTOTYPES = YES;
				CLANG_WARN_SUSPICIOUS_MOVE = YES;
				CLANG_WARN_UNGUARDED_AVAILABILITY = YES_AGGRESSIVE;
				CLANG_WARN_UNREACHABLE_CODE = YES;
				CLANG_WARN__DUPLICATE_METHOD_MATCH = YES;
				CODE_SIGN_IDENTITY = "iPhone Developer";
				COPY_PHASE_STRIP = NO;
				DEBUG_INFORMATION_FORMAT = "dwarf-with-dsym";
				ENABLE_NS_ASSERTIONS = NO;
				ENABLE_STRICT_OBJC_MSGSEND = YES;
				GCC_C_LANGUAGE_STANDARD = gnu11;
				GCC_NO_COMMON_BLOCKS = YES;
				GCC_WARN_64_TO_32_BIT_CONVERSION = YES;
				GCC_WARN_ABOUT_RETURN_TYPE = YES_ERROR;
				GCC_WARN_UNDECLARED_SELECTOR = YES;
				GCC_WARN_UNINITIALIZED_AUTOS = YES_AGGRESSIVE;
				GCC_WARN_UNUSED_FUNCTION = YES;
				GCC_WARN_UNUSED_VARIABLE = YES;
				IPHONEOS_DEPLOYMENT_TARGET = 11.2;
				MTL_ENABLE_DEBUG_INFO = NO;
				SDKROOT = iphoneos;
				SWIFT_OPTIMIZATION_LEVEL = "-Owholemodule";
				VALIDATE_PRODUCT = YES;
			};
			name = Release;
		};
		5A30776020841C620011C27B /* Debug */ = {
			isa = XCBuildConfiguration;
			buildSettings = {
				ASSETCATALOG_COMPILER_APPICON_NAME = AppIcon;
				CODE_SIGN_STYLE = Automatic;
				DEVELOPMENT_TEAM = 9E79B5SCUC;
				INFOPLIST_FILE = PictureMatch/Info.plist;
				LD_RUNPATH_SEARCH_PATHS = "$(inherited) @executable_path/Frameworks";
				PRODUCT_BUNDLE_IDENTIFIER = "Tareq-Malkosh.PictureMatch";
				PRODUCT_NAME = "$(TARGET_NAME)";
				SWIFT_VERSION = 4.0;
				TARGETED_DEVICE_FAMILY = "1,2";
			};
			name = Debug;
		};
		5A30776120841C620011C27B /* Release */ = {
			isa = XCBuildConfiguration;
			buildSettings = {
				ASSETCATALOG_COMPILER_APPICON_NAME = AppIcon;
				CODE_SIGN_STYLE = Automatic;
				DEVELOPMENT_TEAM = 9E79B5SCUC;
				INFOPLIST_FILE = PictureMatch/Info.plist;
				LD_RUNPATH_SEARCH_PATHS = "$(inherited) @executable_path/Frameworks";
				PRODUCT_BUNDLE_IDENTIFIER = "Tareq-Malkosh.PictureMatch";
				PRODUCT_NAME = "$(TARGET_NAME)";
				SWIFT_VERSION = 4.0;
				TARGETED_DEVICE_FAMILY = "1,2";
			};
			name = Release;
		};
/* End XCBuildConfiguration section */

/* Begin XCConfigurationList section */
		5A30774820841C620011C27B /* Build configuration list for PBXProject "PictureMatch" */ = {
			isa = XCConfigurationList;
			buildConfigurations = (
				5A30775D20841C620011C27B /* Debug */,
				5A30775E20841C620011C27B /* Release */,
			);
			defaultConfigurationIsVisible = 0;
			defaultConfigurationName = Release;
		};
		5A30775F20841C620011C27B /* Build configuration list for PBXNativeTarget "PictureMatch" */ = {
			isa = XCConfigurationList;
			buildConfigurations = (
				5A30776020841C620011C27B /* Debug */,
				5A30776120841C620011C27B /* Release */,
			);
			defaultConfigurationIsVisible = 0;
			defaultConfigurationName = Release;
		};
/* End XCConfigurationList section */
	};
	rootObject = 5A30774520841C620011C27B /* Project object */;
}
